{
  "name": "ag-grid-packages",
  "version": "1.0.0",
  "lockfileVersion": 3,
  "requires": true,
  "packages": {
    "": {
      "name": "ag-grid-packages",
      "version": "1.0.0",
      "license": "ISC",
      "dependencies": {
        "ag-grid-charts-enterprise": "^31.1.1",
        "ag-grid-community": "^31.1.1",
        "yarn": "^1.22.22"
      }
    },
    "node_modules/ag-grid-charts-enterprise": {
      "version": "31.1.1",
      "resolved": "https://registry.npmjs.org/ag-grid-charts-enterprise/-/ag-grid-charts-enterprise-31.1.1.tgz",
      "integrity": "sha512-1QYrFpAegm7R4ODsln+vjbwumVTLPyUJyNYk6LvTqfThpjs8r2Mpe/2LcJfCoaQErBrSSvI3+nHnAGimjT3D7Q==",
      "dependencies": {
        "ag-grid-community": "31.1.1"
      }
    },
    "node_modules/ag-grid-community": {
      "version": "31.1.1",
      "resolved": "https://registry.npmjs.org/ag-grid-community/-/ag-grid-community-31.1.1.tgz",
      "integrity": "sha512-tiQZ7VQ07yJScTMIQpaYoUMPgiyXMwYDcwTxe4riRrcYGTg0e258XEihoPUZFejR60P1fYWMxdJaR2JUnyhGrg=="
    },
    "node_modules/yarn": {
      "version": "1.22.22",
      "resolved": "https://registry.npmjs.org/yarn/-/yarn-1.22.22.tgz",
      "integrity": "sha512-prL3kGtyG7o9Z9Sv8IPfBNrWTDmXB4Qbes8A9rEzt6wkJV8mUvoirjU0Mp3GGAU06Y0XQyA3/2/RQFVuK7MTfg==",
      "hasInstallScript": true,
      "bin": {
        "yarn": "bin/yarn.js",
        "yarnpkg": "bin/yarn.js"
      },
      "engines": {
        "node": ">=4.0.0"
      }
    }
  }
}
